{
  "object": {
    "pins": [
      {
        "package": "SDGCornerstone",
        "repositoryURL": "https://github.com/SDGGiesbrecht/SDGCornerstone",
        "state": {
          "branch": null,
          "revision": "dd2c15c4cefa2ad9a95d7d84c86d6a3e46a6b893",
          "version": "4.3.0"
        }
      },
      {
        "package": "SDGInterface",
        "repositoryURL": "https://github.com/SDGGiesbrecht/SDGInterface",
        "state": {
          "branch": null,
          "revision": "2aa8b8f84a74067f4325ef57d3627bd5706b0ad8",
          "version": "0.6.0"
        }
      },
      {
        "package": "SDGWeb",
        "repositoryURL": "https://github.com/SDGGiesbrecht/SDGWeb",
        "state": {
          "branch": null,
          "revision": "12cef26db7a84bd5c285390690ae28abc444937a",
          "version": "5.1.0"
        }
      },
      {
        "package": "swift-numerics",
        "repositoryURL": "https://github.com/apple/swift-numerics",
        "state": {
          "branch": null,
          "revision": "a2aa24d236f7535236806190c91a88d791212a3b",
          "version": "0.0.4"
        }
      }
    ]
  },
  "version": 1
}
