{
  "object": {
    "pins": [
      {
        "package": "SDGCornerstone",
        "repositoryURL": "https://github.com/SDGGiesbrecht/SDGCornerstone",
        "state": {
          "branch": null,
          "revision": "b25f5fc1942e5e1be4211ac92e33c2c7ff5c1453",
          "version": "4.0.0"
        }
      },
      {
        "package": "SDGInterface",
        "repositoryURL": "https://github.com/SDGGiesbrecht/SDGInterface",
        "state": {
          "branch": null,
          "revision": "971d9e235538a934d7203bca9d607fa06d9cf915",
          "version": "0.5.0"
        }
      },
      {
        "package": "SDGWeb",
        "repositoryURL": "https://github.com/SDGGiesbrecht/SDGWeb",
        "state": {
          "branch": null,
          "revision": "092baffb798d53088dd116bdb105e496c64ab7e7",
          "version": "4.0.1"
        }
      }
    ]
  },
  "version": 1
}
