{
  "object": {
    "pins": [
      {
        "package": "SDGCornerstone",
        "repositoryURL": "https://github.com/SDGGiesbrecht/SDGCornerstone",
        "state": {
          "branch": null,
          "revision": "740cfdaf31b532493b926c06d2aa84eba0b73887",
          "version": "4.6.0"
        }
      },
      {
        "package": "SDGInterface",
        "repositoryURL": "https://github.com/SDGGiesbrecht/SDGInterface",
        "state": {
          "branch": null,
          "revision": "05fb814deb6ad62f4a2f00b0f573db3a640d3436",
          "version": "0.7.0"
        }
      },
      {
        "package": "SDGWeb",
        "repositoryURL": "https://github.com/SDGGiesbrecht/SDGWeb",
        "state": {
          "branch": null,
          "revision": "37348716647e133c9a671a5c1841bda05ce1beab",
          "version": "5.2.0"
        }
      },
      {
        "package": "swift-numerics",
        "repositoryURL": "https://github.com/apple/swift-numerics",
        "state": {
          "branch": null,
          "revision": "5dfc460876510988560170cee3702ab01b89587a",
          "version": "0.0.5"
        }
      }
    ]
  },
  "version": 1
}
